
Microsoft Visual Studio Solution File, Format Version 12.00
# Visual Studio 15
VisualStudioVersion = 15.0.28307.1267
MinimumVisualStudioVersion = 10.0.40219.1
Project("{8BC9CEB8-8B4A-11D0-8D11-00A0C91BC942}") = "Precision", "Precision\Precision.vcxproj", "{B8940010-12F9-49FB-8E1A-41E4A5B24578}"
EndProject
Global
	GlobalSection(SolutionConfigurationPlatforms) = preSolution
		Debug|x64 = Debug|x64
		Debug|x86 = Debug|x86
		Release|x64 = Release|x64
		Release|x86 = Release|x86
	EndGlobalSection
	GlobalSection(ProjectConfigurationPlatforms) = postSolution
		{B8940010-12F9-49FB-8E1A-41E4A5B24578}.Debug|x64.ActiveCfg = Debug|x64
		{B8940010-12F9-49FB-8E1A-41E4A5B24578}.Debug|x64.Build.0 = Debug|x64
		{B8940010-12F9-49FB-8E1A-41E4A5B24578}.Debug|x86.ActiveCfg = Debug|Win32
		{B8940010-12F9-49FB-8E1A-41E4A5B24578}.Debug|x86.Build.0 = Debug|Win32
		{B8940010-12F9-49FB-8E1A-41E4A5B24578}.Release|x64.ActiveCfg = Release|x64
		{B8940010-12F9-49FB-8E1A-41E4A5B24578}.Release|x64.Build.0 = Release|x64
		{B8940010-12F9-49FB-8E1A-41E4A5B24578}.Release|x86.ActiveCfg = Release|Win32
		{B8940010-12F9-49FB-8E1A-41E4A5B24578}.Release|x86.Build.0 = Release|Win32
	EndGlobalSection
	GlobalSection(SolutionProperties) = preSolution
		HideSolutionNode = FALSE
	EndGlobalSection
	GlobalSection(ExtensibilityGlobals) = postSolution
		SolutionGuid = {7A23A865-1062-4414-ACAA-35FE2AA3AA32}
	EndGlobalSection
EndGlobal
