
Microsoft Visual Studio Solution File, Format Version 12.00
# Visual Studio 15
VisualStudioVersion = 15.0.28307.1267
MinimumVisualStudioVersion = 10.0.40219.1
Project("{8BC9CEB8-8B4A-11D0-8D11-00A0C91BC942}") = "QR", "QR\QR.vcxproj", "{C8BA4A93-1E25-475E-8DC5-3B0B54393CB7}"
EndProject
Global
	GlobalSection(SolutionConfigurationPlatforms) = preSolution
		Debug|x64 = Debug|x64
		Debug|x86 = Debug|x86
		Release|x64 = Release|x64
		Release|x86 = Release|x86
	EndGlobalSection
	GlobalSection(ProjectConfigurationPlatforms) = postSolution
		{C8BA4A93-1E25-475E-8DC5-3B0B54393CB7}.Debug|x64.ActiveCfg = Debug|x64
		{C8BA4A93-1E25-475E-8DC5-3B0B54393CB7}.Debug|x64.Build.0 = Debug|x64
		{C8BA4A93-1E25-475E-8DC5-3B0B54393CB7}.Debug|x86.ActiveCfg = Debug|Win32
		{C8BA4A93-1E25-475E-8DC5-3B0B54393CB7}.Debug|x86.Build.0 = Debug|Win32
		{C8BA4A93-1E25-475E-8DC5-3B0B54393CB7}.Release|x64.ActiveCfg = Release|x64
		{C8BA4A93-1E25-475E-8DC5-3B0B54393CB7}.Release|x64.Build.0 = Release|x64
		{C8BA4A93-1E25-475E-8DC5-3B0B54393CB7}.Release|x86.ActiveCfg = Release|Win32
		{C8BA4A93-1E25-475E-8DC5-3B0B54393CB7}.Release|x86.Build.0 = Release|Win32
	EndGlobalSection
	GlobalSection(SolutionProperties) = preSolution
		HideSolutionNode = FALSE
	EndGlobalSection
	GlobalSection(ExtensibilityGlobals) = postSolution
		SolutionGuid = {199DA063-F380-4FA7-B959-9D2D460C0F0C}
	EndGlobalSection
EndGlobal
